{
    "name": "t3d-atmosphere-examples",
    "version": "0.0.1",
    "lockfileVersion": 3,
    "requires": true,
    "packages": {
        "": {
            "name": "t3d-atmosphere-examples",
            "version": "0.0.1",
            "dependencies": {
                "es-module-shims": "^2.5.1",
                "t3d": "^0.4.0",
                "t3d-atmosphere": "file:..",
                "tweakpane": "^4.0.5"
            }
        },
        "..": {
            "version": "0.0.1",
            "license": "BSD-3-Clause",
            "devDependencies": {
                "@babel/core": "^7.19.1",
                "@babel/preset-env": "^7.19.1",
                "@rollup/plugin-babel": "^6.0.3",
                "@rollup/plugin-terser": "^0.4.0",
                "eslint": "^9.25.1",
                "eslint-plugin-html": "^8.0.0",
                "eslint-plugin-import": "^2.28.1",
                "globals": "^16.0.0",
                "rollup": "^4.9.1"
            },
            "peerDependencies": {
                "t3d": "^0.4.0"
            }
        },
        "node_modules/es-module-shims": {
            "version": "2.5.1",
            "resolved": "https://registry.npmjs.org/es-module-shims/-/es-module-shims-2.5.1.tgz",
            "integrity": "sha512-rx57z9aYi2XWJggkIoR0knHT2yr9kQ1vyXkva+oMNlplJr46Aj/1CI6c+GHGxEH6ljzoEhtAYxk080U5NpUpmg=="
        },
        "node_modules/t3d": {
            "version": "0.4.2",
            "resolved": "https://registry.npmjs.org/t3d/-/t3d-0.4.2.tgz",
            "integrity": "sha512-kOqzgrfp0ApvvYMwa9vWrLegbHxltfWj3N1hu8LZija08kmr6O0cdN1xEMa91AZN9U8j/oeQuEkQpeInOm30mQ=="
        },
        "node_modules/t3d-atmosphere": {
            "resolved": "..",
            "link": true
        },
        "node_modules/tweakpane": {
            "version": "4.0.5",
            "resolved": "https://registry.npmjs.org/tweakpane/-/tweakpane-4.0.5.tgz",
            "integrity": "sha512-rxEXdSI+ArlG1RyO6FghC4ZUX8JkEfz8F3v1JuteXSV0pEtHJzyo07fcDG+NsJfN5L39kSbCYbB9cBGHyuI/tQ==",
            "funding": {
                "url": "https://github.com/sponsors/cocopon"
            }
        }
    }
}
