{
    "name": "t3d-atmosphere-examples",
    "version": "0.0.1",
    "lockfileVersion": 3,
    "requires": true,
    "packages": {
        "": {
            "name": "t3d-atmosphere-examples",
            "version": "0.0.1",
            "dependencies": {
                "astronomy-engine": "^2.1.19",
                "es-module-shims": "^2.5.1",
                "t3d": "^0.5.0",
                "t3d-3dtiles": "^0.4.0",
                "t3d-effect-composer": "^0.4.0",
                "tweakpane": "^4.0.5"
            }
        },
        "node_modules/astronomy-engine": {
            "version": "2.1.19",
            "resolved": "https://registry.npmjs.org/astronomy-engine/-/astronomy-engine-2.1.19.tgz",
            "integrity": "sha512-8yWKNf7UeNbH458h3sAJ6ZgAjE5jTXp/mNNRFoC20j2SHwZIjAQeEsBB2Q3uCFRaTCCJRv33K2XhkhZQMXoX6w==",
            "license": "MIT"
        },
        "node_modules/es-module-shims": {
            "version": "2.8.0",
            "resolved": "https://registry.npmjs.org/es-module-shims/-/es-module-shims-2.8.0.tgz",
            "integrity": "sha512-7eBj0nIBTMjg8WspPfHOXVxwvDPeYjTMH7PipzrbecfLS4SFwRvWeakZNsAx0y9yF3TydxrG32tj3y+GKzlpYg==",
            "license": "MIT"
        },
        "node_modules/t3d": {
            "version": "0.5.2",
            "resolved": "https://registry.npmjs.org/t3d/-/t3d-0.5.2.tgz",
            "integrity": "sha512-AkuYDT0RPtKTHoDRqzm2CIt5yAa/N1fK2oCCI0IWR6AwDX5R1NcJS/JuynFPkMznREC6z+6/jXbByYVRhnns0Q==",
            "license": "BSD-3-Clause",
            "peer": true
        },
        "node_modules/t3d-3dtiles": {
            "version": "0.4.0",
            "resolved": "https://registry.npmjs.org/t3d-3dtiles/-/t3d-3dtiles-0.4.0.tgz",
            "integrity": "sha512-nD6n9D9eY1SORUN4jaRd5XvsIIkWoAPI54poJZWUSsPIWXJDE2WVcwVZ07i/dSOzL/f7eb0sEktrQ0g6GpMfbw==",
            "license": "BSD-3-Clause",
            "peerDependencies": {
                "t3d": "^0.5.0"
            }
        },
        "node_modules/t3d-effect-composer": {
            "version": "0.4.1",
            "resolved": "https://registry.npmjs.org/t3d-effect-composer/-/t3d-effect-composer-0.4.1.tgz",
            "integrity": "sha512-aLQTr5YWlfZkOikIc+KWE6yzTuzZ9dcC/RINGQSS92B7ioOsbDMsTASSuN8J7uZIiAjN/lXu8lcAoNMrXyyNEQ==",
            "license": "BSD-3-Clause",
            "peerDependencies": {
                "t3d": "^0.5.0"
            }
        },
        "node_modules/tweakpane": {
            "version": "4.0.5",
            "resolved": "https://registry.npmjs.org/tweakpane/-/tweakpane-4.0.5.tgz",
            "integrity": "sha512-rxEXdSI+ArlG1RyO6FghC4ZUX8JkEfz8F3v1JuteXSV0pEtHJzyo07fcDG+NsJfN5L39kSbCYbB9cBGHyuI/tQ==",
            "license": "MIT",
            "funding": {
                "url": "https://github.com/sponsors/cocopon"
            }
        }
    }
}
