{
    "name": "t3d-atmosphere-examples",
    "version": "0.0.1",
    "lockfileVersion": 3,
    "requires": true,
    "packages": {
        "": {
            "name": "t3d-atmosphere-examples",
            "version": "0.0.1",
            "dependencies": {
                "astronomy-engine": "^2.1.19",
                "es-module-shims": "^2.5.1",
                "t3d": "^0.5.0",
                "t3d-3dtiles": "^0.3.0",
                "t3d-effect-composer": "github:uinosoft/t3d-effect-composer#7771545a3b293dd7beda4a40c2a13a9cbda83387",
                "tweakpane": "^4.0.5"
            }
        },
        "node_modules/astronomy-engine": {
            "version": "2.1.19",
            "resolved": "https://registry.npmjs.org/astronomy-engine/-/astronomy-engine-2.1.19.tgz",
            "integrity": "sha512-8yWKNf7UeNbH458h3sAJ6ZgAjE5jTXp/mNNRFoC20j2SHwZIjAQeEsBB2Q3uCFRaTCCJRv33K2XhkhZQMXoX6w=="
        },
        "node_modules/es-module-shims": {
            "version": "2.6.2",
            "resolved": "https://registry.npmjs.org/es-module-shims/-/es-module-shims-2.6.2.tgz",
            "integrity": "sha512-50HiheXiMg28GQagXXYMqzUuVPKsAhFLuWIxBxDbfnmT+hFTU8AyfAJaWjDaWmQbjNiPwTuuPqq7NAKFRdLaow=="
        },
        "node_modules/t3d": {
            "version": "0.5.1",
            "resolved": "https://registry.npmjs.org/t3d/-/t3d-0.5.1.tgz",
            "integrity": "sha512-A0RtFmGljDE4Cdu9IQB/+o8zjGfs171Cj9Rkt0nzrMG8zyeU1YRTdn64tBu5OwrMa31Z0DPaSSbsT1lPZBntGA==",
            "license": "BSD-3-Clause",
            "peer": true
        },
        "node_modules/t3d-3dtiles": {
            "version": "0.3.0",
            "resolved": "https://registry.npmjs.org/t3d-3dtiles/-/t3d-3dtiles-0.3.0.tgz",
            "integrity": "sha512-hP4UZSnynurWYZ2vtc3SuLQwcGccO8gVPPDSPUxUMuaUOU9SHKo7GsQA2/adTcDchl1BCdhZ0i+SXhR31O54MA==",
            "peerDependencies": {
                "t3d": "^0.4.3"
            }
        },
        "node_modules/t3d-effect-composer": {
            "version": "0.4.0",
            "resolved": "git+ssh://git@github.com/uinosoft/t3d-effect-composer.git#7771545a3b293dd7beda4a40c2a13a9cbda83387",
            "integrity": "sha512-xrKApRUXDSBkCHye6cRWIVTEj30B/oILNOT8u0YigBTcGmUtDPdIntVXQ9cRqGQVvD+gUxrBMJvYNgb3ZS7FmA==",
            "license": "BSD-3-Clause",
            "peerDependencies": {
                "t3d": "^0.5.0"
            }
        },
        "node_modules/tweakpane": {
            "version": "4.0.5",
            "resolved": "https://registry.npmjs.org/tweakpane/-/tweakpane-4.0.5.tgz",
            "integrity": "sha512-rxEXdSI+ArlG1RyO6FghC4ZUX8JkEfz8F3v1JuteXSV0pEtHJzyo07fcDG+NsJfN5L39kSbCYbB9cBGHyuI/tQ==",
            "funding": {
                "url": "https://github.com/sponsors/cocopon"
            }
        }
    }
}
